# THIS IS AN AUTOGENERATED FILE. DO NOT EDIT THIS FILE DIRECTLY.
# yarn lockfile v1


"@babel/polyfill@^7.2.5":
  version "7.8.3"
  resolved "https://registry.yarnpkg.com/@babel/polyfill/-/polyfill-7.8.3.tgz#2333fc2144a542a7c07da39502ceeeb3abe4debd"
  integrity sha512-0QEgn2zkCzqGIkSWWAEmvxD7e00Nm9asTtQvi7HdlYvMhjy/J38V/1Y9ode0zEJeIuxAI0uftiAzqc7nVeWUGg==
  dependencies:
    core-js "^2.6.5"
    regenerator-runtime "^0.13.2"

"@babel/runtime@^7.1.2", "@babel/runtime@^7.2.0", "@babel/runtime@^7.3.1", "@babel/runtime@^7.4.2", "@babel/runtime@^7.4.4", "@babel/runtime@^7.4.5", "@babel/runtime@^7.5.5", "@babel/runtime@^7.6.2", "@babel/runtime@^7.6.3":
  version "7.8.3"
  resolved "https://registry.yarnpkg.com/@babel/runtime/-/runtime-7.8.3.tgz#0811944f73a6c926bb2ad35e918dcc1bfab279f1"
  integrity sha512-fVHx1rzEmwB130VTkLnxR+HmxcTjGzH12LYQcFFoBwakMd3aOMD4OsRN7tGG/UOYE2ektgFrS8uACAoRk1CY0w==
  dependencies:
    regenerator-runtime "^0.13.2"

"@emotion/hash@^0.7.4":
  version "0.7.4"
  resolved "https://registry.yarnpkg.com/@emotion/hash/-/hash-0.7.4.tgz#f14932887422c9056b15a8d222a9074a7dfa2831"
  integrity sha512-fxfMSBMX3tlIbKUdtGKxqB1fyrH6gVrX39Gsv3y8lRYKUqlgDt3UMqQyGnR1bQMa2B8aGnhLZokZgg8vT0Le+A==

"@fullpage/react-fullpage@^0.1.17":
  version "0.1.17"
  resolved "https://registry.yarnpkg.com/@fullpage/react-fullpage/-/react-fullpage-0.1.17.tgz#9beed867b0709cd1106e7e5fa98e0d18c58ac2de"
  integrity sha512-jTcguyVswvGOmR4A7udB5bfcnIHNX+ZMkzMTlNB9QFFe81Ne6JBOeCvveZxTGOVNfELSFe7HXmxXHew1LulexQ==
  dependencies:
    "@babel/polyfill" "^7.2.5"
    fullpage.js "^3.0.8"

"@material-ui/core@^4.9.0":
  version "4.9.0"
  resolved "https://registry.yarnpkg.com/@material-ui/core/-/core-4.9.0.tgz#96ca3281ee06216d44fd4d0e306dbe0429eb2ebe"
  integrity sha512-zrrr8mPU5DDBYaVil4uJYauW41PjSn5otn7cqGsmWOY0t90fypr9nNgM7rRJaPz2AP6oRSDx1kBQt2igf5uelg==
  dependencies:
    "@babel/runtime" "^7.4.4"
    "@material-ui/styles" "^4.9.0"
    "@material-ui/system" "^4.7.1"
    "@material-ui/types" "^5.0.0"
    "@material-ui/utils" "^4.7.1"
    "@types/react-transition-group" "^4.2.0"
    clsx "^1.0.2"
    convert-css-length "^2.0.1"
    hoist-non-react-statics "^3.2.1"
    normalize-scroll-left "^0.2.0"
    popper.js "^1.14.1"
    prop-types "^15.7.2"
    react-is "^16.8.0"
    react-transition-group "^4.3.0"

"@material-ui/styles@^4.9.0":
  version "4.9.0"
  resolved "https://registry.yarnpkg.com/@material-ui/styles/-/styles-4.9.0.tgz#10c31859f6868cfa9d3adf6b6c3e32c9d676bc76"
  integrity sha512-nJHum4RqYBPWsjL/9JET8Z02FZ9gSizlg/7LWVFpIthNzpK6OQ5OSRR4T4x9/p+wK3t1qNn3b1uI4XpnZaPxOA==
  dependencies:
    "@babel/runtime" "^7.4.4"
    "@emotion/hash" "^0.7.4"
    "@material-ui/types" "^5.0.0"
    "@material-ui/utils" "^4.7.1"
    clsx "^1.0.2"
    csstype "^2.5.2"
    hoist-non-react-statics "^3.2.1"
    jss "^10.0.3"
    jss-plugin-camel-case "^10.0.3"
    jss-plugin-default-unit "^10.0.3"
    jss-plugin-global "^10.0.3"
    jss-plugin-nested "^10.0.3"
    jss-plugin-props-sort "^10.0.3"
    jss-plugin-rule-value-function "^10.0.3"
    jss-plugin-vendor-prefixer "^10.0.3"
    prop-types "^15.7.2"

"@material-ui/system@^4.7.1":
  version "4.7.1"
  resolved "https://registry.yarnpkg.com/@material-ui/system/-/system-4.7.1.tgz#d928dacc0eeae6bea569ff3ee079f409efb3517d"
  integrity sha512-zH02p+FOimXLSKOW/OT2laYkl9bB3dD1AvnZqsHYoseUaq0aVrpbl2BGjQi+vJ5lg8w73uYlt9zOWzb3+1UdMQ==
  dependencies:
    "@babel/runtime" "^7.4.4"
    "@material-ui/utils" "^4.7.1"
    prop-types "^15.7.2"

"@material-ui/types@^5.0.0":
  version "5.0.0"
  resolved "https://registry.yarnpkg.com/@material-ui/types/-/types-5.0.0.tgz#26d6259dc6b39f4c2e1e9aceff7a11e031941741"
  integrity sha512-UeH2BuKkwDndtMSS0qgx1kCzSMw+ydtj0xx/XbFtxNSTlXydKwzs5gVW5ZKsFlAkwoOOQ9TIsyoCC8hq18tOwg==

"@material-ui/utils@^4.7.1":
  version "4.7.1"
  resolved "https://registry.yarnpkg.com/@material-ui/utils/-/utils-4.7.1.tgz#dc16c7f0d2cd02fbcdd5cfe601fd6863ae3cc652"
  integrity sha512-+ux0SlLdlehvzCk2zdQ3KiS3/ylWvuo/JwAGhvb8dFVvwR21K28z0PU9OQW2PGogrMEdvX3miEI5tGxTwwWiwQ==
  dependencies:
    "@babel/runtime" "^7.4.4"
    prop-types "^15.7.2"
    react-is "^16.8.0"

"@material/animation@^4.0.0":
  version "4.0.0"
  resolved "https://registry.yarnpkg.com/@material/animation/-/animation-4.0.0.tgz#19eaf377809f20978f8452a4237d27867d3ffd1d"
  integrity sha512-IfzXzstWdtKQcsNWu+s2Hpz5dBwkTHtgtzoesr+FC7TqENH+SJdsF1ntnZI1XVi2C9ZlBf7f4BSmXpWHD0MIlw==
  dependencies:
    tslib "^1.9.3"

"@material/base@^4.0.0":
  version "4.0.0"
  resolved "https://registry.yarnpkg.com/@material/base/-/base-4.0.0.tgz#535574d0b63c18892cfb70e88b27bc8f8090677a"
  integrity sha512-vHm7fkqXzjdfxifXvlmaZColoIfKuWmO+1rvdzDORTWP+A8Dq70cgKd2I1SBqxzDGjOasMzHbQI6f9MISQf2vQ==
  dependencies:
    tslib "^1.9.3"

"@material/card@^4.0.0":
  version "4.0.0"
  resolved "https://registry.yarnpkg.com/@material/card/-/card-4.0.0.tgz#0356602f0b3eed37594e3f7e8874aad484d9b948"
  integrity sha512-+7qD6pko5/vRNLTX99P2uaLMO1/CcSjgoQgoDKsDEAL/TDxxDib9d9Rf3JD0b8waE+7mDELS98Gt8vHzD8mvnQ==
  dependencies:
    "@material/elevation" "^4.0.0"
    "@material/feature-targeting" "^4.0.0"
    "@material/ripple" "^4.0.0"
    "@material/rtl" "^4.0.0"
    "@material/shape" "^4.0.0"
    "@material/theme" "^4.0.0"

"@material/dom@^4.0.0":
  version "4.0.0"
  resolved "https://registry.yarnpkg.com/@material/dom/-/dom-4.0.0.tgz#f0e68c4429e555040304c958bb3e11614276fdfa"
  integrity sha512-GRCJT9+PGWqygZwGf1XLTrbmzP35YWG7+T0hpfhoIJO8VDiMTeyfvhJXFuA2wh9pD0noEjte0lmbdBlykrbWZw==
  dependencies:
    tslib "^1.9.3"

"@material/elevation@^4.0.0":
  version "4.0.0"
  resolved "https://registry.yarnpkg.com/@material/elevation/-/elevation-4.0.0.tgz#58ba81c8c9efd0b5d3bfed7fa915d4930d814b97"
  integrity sha512-wKffoZcqkwAMWYbfGJJ95RDeOFz/IMvF7ye4VamjUwLb1iPiKxUZKUcd40XpuEvsn794HSIEWfGDsRq7BxJAMQ==
  dependencies:
    "@material/animation" "^4.0.0"
    "@material/feature-targeting" "^4.0.0"
    "@material/theme" "^4.0.0"

"@material/feature-targeting@^4.0.0":
  version "4.0.0"
  resolved "https://registry.yarnpkg.com/@material/feature-targeting/-/feature-targeting-4.0.0.tgz#8d9d1470801a1fd166773731613d9fa89e0fd85e"
  integrity sha512-0gk+f151vqmEdWkrQ9ocPlQRU9aUtSGsVBhletqIbsthLUsZIz9qk25FHjV1wHd/bGHknd9NH+T8ENprv3KLFg==

"@material/ripple@^4.0.0":
  version "4.0.0"
  resolved "https://registry.yarnpkg.com/@material/ripple/-/ripple-4.0.0.tgz#906ba421a3e6c68651d829d44c50a95060aa1e75"
  integrity sha512-9BLIOvyCP5sM+fQpLlcJZWyrHguusJq8E5A1pxg0wQwputOyaPBM7recHhYkJmVjzRpTcPgf1PkvkpN6DKGcNg==
  dependencies:
    "@material/animation" "^4.0.0"
    "@material/base" "^4.0.0"
    "@material/dom" "^4.0.0"
    "@material/feature-targeting" "^4.0.0"
    "@material/theme" "^4.0.0"
    tslib "^1.9.3"

"@material/rtl@^4.0.0":
  version "4.0.0"
  resolved "https://registry.yarnpkg.com/@material/rtl/-/rtl-4.0.0.tgz#bc07e0a7c47174b2542862c252b0e35b44329c47"
  integrity sha512-AP8zByVDEWAJVJoxByVccUbH+BX24IeG7ol+L6Qd8JjzPpz1fzPVJ4BeDNaF0a6sXtHsRmj2zN5dsx/BGC3IHg==

"@material/shape@^4.0.0":
  version "4.0.0"
  resolved "https://registry.yarnpkg.com/@material/shape/-/shape-4.0.0.tgz#ddf4dcbfd290d367f80b26014fee0a1f490dc3cb"
  integrity sha512-wmr05YBrEL462QPiJ+t9xh5RqxzylXYo/8DVZnb/1WA9GZ6m38UK/8Awtip1cZAN34pzD/9p5AydyywlQVoI+g==
  dependencies:
    "@material/feature-targeting" "^4.0.0"

"@material/theme@^4.0.0":
  version "4.0.0"
  resolved "https://registry.yarnpkg.com/@material/theme/-/theme-4.0.0.tgz#8de388fcdbae20fd09b02a3bdef3049bf2f623a8"
  integrity sha512-vS4G4rusJTatTH50kSYO1U3UGN8EY9kGRvPaFsEFKikJBOqcR6KWK9H9/wCLqqd6nDNifEj9H2sdWw1AV4NA6Q==
  dependencies:
    "@material/feature-targeting" "^4.0.0"

"@restart/context@^2.1.4":
  version "2.1.4"
  resolved "https://registry.yarnpkg.com/@restart/context/-/context-2.1.4.tgz#a99d87c299a34c28bd85bb489cb07bfd23149c02"
  integrity sha512-INJYZQJP7g+IoDUh/475NlGiTeMfwTXUEr3tmRneckHIxNolGOW9CTq83S8cxq0CgJwwcMzMJFchxvlwe7Rk8Q==

"@restart/hooks@^0.3.11", "@restart/hooks@^0.3.12":
  version "0.3.20"
  resolved "https://registry.yarnpkg.com/@restart/hooks/-/hooks-0.3.20.tgz#e7179ab41e5f346b2feca091261fbdad77e8bc19"
  integrity sha512-Q1eeEqcxHQ4oqty7C5Me8/hzWwdCRR643nR/6EHxv8BVxLVYHe4IoWAHg8MIGkE4VtSm3/JnNhkoLJhCkLx5aw==

"@semantic-ui-react/event-stack@^3.1.0":
  version "3.1.1"
  resolved "https://registry.yarnpkg.com/@semantic-ui-react/event-stack/-/event-stack-3.1.1.tgz#3263d17511db81a743167fe45281a24b3eb6b3c8"
  integrity sha512-SA7VOu/tY3OkooR++mm9voeQrJpYXjJaMHO1aFCcSouS2xhqMR9Gnz0LEGLOR0h9ueWPBKaQzKIrx3FTTJZmUQ==
  dependencies:
    exenv "^1.2.2"
    prop-types "^15.6.2"

"@stardust-ui/react-component-event-listener@~0.38.0":
  version "0.38.0"
  resolved "https://registry.yarnpkg.com/@stardust-ui/react-component-event-listener/-/react-component-event-listener-0.38.0.tgz#1787faded94b40ad41226e6289baf13e701c6e7f"
  integrity sha512-sIP/e0dyOrrlb8K7KWumfMxj/gAifswTBC4o68Aa+C/GA73ccRp/6W1VlHvF/dlOR4KLsA+5SKnhjH36xzPsWg==
  dependencies:
    "@babel/runtime" "^7.1.2"
    prop-types "^15.7.2"

"@stardust-ui/react-component-ref@~0.38.0":
  version "0.38.0"
  resolved "https://registry.yarnpkg.com/@stardust-ui/react-component-ref/-/react-component-ref-0.38.0.tgz#52d555f2d5edd213c923c93a106f7de940e427ef"
  integrity sha512-xjs6WnvJVueSIXMWw0C3oWIgAPpcD03qw43oGOjUXqFktvpNkB73JoKIhS4sCrtQxBdct75qqr4ZL6JiyPcESw==
  dependencies:
    "@babel/runtime" "^7.1.2"
    prop-types "^15.7.2"
    react-is "^16.6.3"

"@types/prop-types@*":
  version "15.7.3"
  resolved "https://registry.yarnpkg.com/@types/prop-types/-/prop-types-15.7.3.tgz#2ab0d5da2e5815f94b0b9d4b95d1e5f243ab2ca7"
  integrity sha512-KfRL3PuHmqQLOG+2tGpRO26Ctg+Cq1E01D2DMriKEATHgWLfeNDmq9e29Q9WIky0dQ3NPkd1mzYH8Lm936Z9qw==

"@types/react-transition-group@^4.2.0":
  version "4.2.3"
  resolved "https://registry.yarnpkg.com/@types/react-transition-group/-/react-transition-group-4.2.3.tgz#4924133f7268694058e415bf7aea2d4c21131470"
  integrity sha512-Hk8jiuT7iLOHrcjKP/ZVSyCNXK73wJAUz60xm0mVhiRujrdiI++j4duLiL282VGxwAgxetHQFfqA29LgEeSkFA==
  dependencies:
    "@types/react" "*"

"@types/react@*", "@types/react@^16.8.23", "@types/react@^16.9.11":
  version "16.9.19"
  resolved "https://registry.yarnpkg.com/@types/react/-/react-16.9.19.tgz#c842aa83ea490007d29938146ff2e4d9e4360c40"
  integrity sha512-LJV97//H+zqKWMms0kvxaKYJDG05U2TtQB3chRLF8MPNs+MQh/H1aGlyDUxjaHvu08EAGerdX2z4LTBc7ns77A==
  dependencies:
    "@types/prop-types" "*"
    csstype "^2.2.0"

classnames@^2.2.3, classnames@^2.2.6:
  version "2.2.6"
  resolved "https://registry.yarnpkg.com/classnames/-/classnames-2.2.6.tgz#43935bffdd291f326dad0a205309b38d00f650ce"
  integrity sha512-JR/iSQOSt+LQIWwrwEzJ9uk0xfN3mTVYMwt1Ir5mUcSN6pU+V4zQFFaJsclJbPuAUQH+yfWef6tm7l1quW3C8Q==

clsx@^1.0.2:
  version "1.0.4"
  resolved "https://registry.yarnpkg.com/clsx/-/clsx-1.0.4.tgz#0c0171f6d5cb2fe83848463c15fcc26b4df8c2ec"
  integrity sha512-1mQ557MIZTrL/140j+JVdRM6e31/OA4vTYxXgqIIZlndyfjHpyawKZia1Im05Vp9BWmImkcNrNtFYQMyFcgJDg==

convert-css-length@^2.0.1:
  version "2.0.1"
  resolved "https://registry.yarnpkg.com/convert-css-length/-/convert-css-length-2.0.1.tgz#90a76bde5bfd24d72881a5b45d02249b2c1d257c"
  integrity sha512-iGpbcvhLPRKUbBc0Quxx7w/bV14AC3ItuBEGMahA5WTYqB8lq9jH0kTXFheCBASsYnqeMFZhiTruNxr1N59Axg==

core-js@^2.6.5:
  version "2.6.11"
  resolved "https://registry.yarnpkg.com/core-js/-/core-js-2.6.11.tgz#38831469f9922bded8ee21c9dc46985e0399308c"
  integrity sha512-5wjnpaT/3dV+XB4borEsnAYQchn00XSgTAWKDkEqv+K8KevjbzmofK6hfJ9TZIlpj2N0xQpazy7PiRQiWHqzWg==

create-react-context@^0.3.0:
  version "0.3.0"
  resolved "https://registry.yarnpkg.com/create-react-context/-/create-react-context-0.3.0.tgz#546dede9dc422def0d3fc2fe03afe0bc0f4f7d8c"
  integrity sha512-dNldIoSuNSvlTJ7slIKC/ZFGKexBMBrrcc+TTe1NdmROnaASuLPvqpwj9v4XS4uXZ8+YPu0sNmShX2rXI5LNsw==
  dependencies:
    gud "^1.0.0"
    warning "^4.0.3"

css-vendor@^2.0.7:
  version "2.0.7"
  resolved "https://registry.yarnpkg.com/css-vendor/-/css-vendor-2.0.7.tgz#4e6d53d953c187981576d6a542acc9fb57174bda"
  integrity sha512-VS9Rjt79+p7M0WkPqcAza4Yq1ZHrsHrwf7hPL/bjQB+c1lwmAI+1FXxYTYt818D/50fFVflw0XKleiBN5RITkg==
  dependencies:
    "@babel/runtime" "^7.6.2"
    is-in-browser "^1.0.2"

csstype@^2.2.0, csstype@^2.5.2, csstype@^2.6.5, csstype@^2.6.7:
  version "2.6.8"
  resolved "https://registry.yarnpkg.com/csstype/-/csstype-2.6.8.tgz#0fb6fc2417ffd2816a418c9336da74d7f07db431"
  integrity sha512-msVS9qTuMT5zwAGCVm4mxfrZ18BNc6Csd0oJAtiFMZ1FAx1CCvy2+5MDmYoix63LM/6NDbNtodCiGYGmFgO0dA==

deep-equal@^1.1.1:
  version "1.1.1"
  resolved "https://registry.yarnpkg.com/deep-equal/-/deep-equal-1.1.1.tgz#b5c98c942ceffaf7cb051e24e1434a25a2e6076a"
  integrity sha512-yd9c5AdiqVcR+JjcwUQb9DkhJc8ngNr0MahEBGvDiJw8puWab2yZlh+nkasOnZP+EGTAP6rRp2JzJhJZzvNF8g==
  dependencies:
    is-arguments "^1.0.4"
    is-date-object "^1.0.1"
    is-regex "^1.0.4"
    object-is "^1.0.1"
    object-keys "^1.1.1"
    regexp.prototype.flags "^1.2.0"

define-properties@^1.1.2, define-properties@^1.1.3:
  version "1.1.3"
  resolved "https://registry.yarnpkg.com/define-properties/-/define-properties-1.1.3.tgz#cf88da6cbee26fe6db7094f61d870cbd84cee9f1"
  integrity sha512-3MqfYKj2lLzdMSf8ZIZE/V+Zuy+BgD6f164e8K2w7dgnpKArBDerGYpM46IYYcjnkdPNMjPk9A6VFB8+3SKlXQ==
  dependencies:
    object-keys "^1.0.12"

dom-helpers@^3.4.0:
  version "3.4.0"
  resolved "https://registry.yarnpkg.com/dom-helpers/-/dom-helpers-3.4.0.tgz#e9b369700f959f62ecde5a6babde4bccd9169af8"
  integrity sha512-LnuPJ+dwqKDIyotW1VzmOZ5TONUN7CwkCR5hrgawTUbkBGYdeoNLZo6nNfGkCrjtE1nXXaj7iMMpDa8/d9WoIA==
  dependencies:
    "@babel/runtime" "^7.1.2"

dom-helpers@^5.0.1, dom-helpers@^5.1.0, dom-helpers@^5.1.2:
  version "5.1.3"
  resolved "https://registry.yarnpkg.com/dom-helpers/-/dom-helpers-5.1.3.tgz#7233248eb3a2d1f74aafca31e52c5299cc8ce821"
  integrity sha512-nZD1OtwfWGRBWlpANxacBEZrEuLa16o1nh7YopFWeoF68Zt8GGEmzHu6Xv4F3XaFIC+YXtTLrzgqKxFgLEe4jw==
  dependencies:
    "@babel/runtime" "^7.6.3"
    csstype "^2.6.7"

es-abstract@^1.17.0-next.1:
  version "1.17.4"
  resolved "https://registry.yarnpkg.com/es-abstract/-/es-abstract-1.17.4.tgz#e3aedf19706b20e7c2594c35fc0d57605a79e184"
  integrity sha512-Ae3um/gb8F0mui/jPL+QiqmglkUsaQf7FwBEHYIFkztkneosu9imhqHpBzQ3h1vit8t5iQ74t6PEVvphBZiuiQ==
  dependencies:
    es-to-primitive "^1.2.1"
    function-bind "^1.1.1"
    has "^1.0.3"
    has-symbols "^1.0.1"
    is-callable "^1.1.5"
    is-regex "^1.0.5"
    object-inspect "^1.7.0"
    object-keys "^1.1.1"
    object.assign "^4.1.0"
    string.prototype.trimleft "^2.1.1"
    string.prototype.trimright "^2.1.1"

es-to-primitive@^1.2.1:
  version "1.2.1"
  resolved "https://registry.yarnpkg.com/es-to-primitive/-/es-to-primitive-1.2.1.tgz#e55cd4c9cdc188bcefb03b366c736323fc5c898a"
  integrity sha512-QCOllgZJtaUo9miYBcLChTUaHNjJF3PYs1VidD7AwiEj1kYxKeQTctLAezAOH5ZKRH0g2IgPn6KwB4IT8iRpvA==
  dependencies:
    is-callable "^1.1.4"
    is-date-object "^1.0.1"
    is-symbol "^1.0.2"

exenv@^1.2.2:
  version "1.2.2"
  resolved "https://registry.yarnpkg.com/exenv/-/exenv-1.2.2.tgz#2ae78e85d9894158670b03d47bec1f03bd91bb9d"
  integrity sha1-KueOhdmJQVhnCwPUe+wfA72Ru50=

fullpage-react@^3.1.0:
  version "3.1.0"
  resolved "https://registry.yarnpkg.com/fullpage-react/-/fullpage-react-3.1.0.tgz#1727b61ed57a3822ff41e5c5e1eb7f7b1a3e19c4"
  integrity sha512-GG3OxtaVx1ripZPcExIrnVjhoSfU0MlI2pQTKngtV9qed+bRYQTMaQ/LIYNljNwY9JPK1o4WugXpOvzQ2Hun6g==
  dependencies:
    react-fns "^1.4.0"
    scroll-swipe "0.0.17"
    window-or-global "^1.0.1"

fullpage.js@^3.0.8:
  version "3.0.8"
  resolved "https://registry.yarnpkg.com/fullpage.js/-/fullpage.js-3.0.8.tgz#4d89a87d36c30c0866c3dfec5e6cb363902f97b2"
  integrity sha512-r4B/MNuxylgzSlY+w4klD0lYYlmzEy7doDvurupAuO1ObKBgu9EB5GPuoeJTP7t/njFlzAM/Wu/I+FL3WvudCw==

function-bind@^1.1.1:
  version "1.1.1"
  resolved "https://registry.yarnpkg.com/function-bind/-/function-bind-1.1.1.tgz#a56899d3ea3c9bab874bb9773b7c5ede92f4895d"
  integrity sha512-yIovAzMX49sF8Yl58fSCWJ5svSLuaibPxXQJFLmBObTuCr0Mf1KiPopGM9NiFjiYBCbfaa2Fh6breQ6ANVTI0A==

gud@^1.0.0:
  version "1.0.0"
  resolved "https://registry.yarnpkg.com/gud/-/gud-1.0.0.tgz#a489581b17e6a70beca9abe3ae57de7a499852c0"
  integrity sha512-zGEOVKFM5sVPPrYs7J5/hYEw2Pof8KCyOwyhG8sAF26mCAeUFAcYPu1mwB7hhpIP29zOIBaDqwuHdLp0jvZXjw==

has-symbols@^1.0.0, has-symbols@^1.0.1:
  version "1.0.1"
  resolved "https://registry.yarnpkg.com/has-symbols/-/has-symbols-1.0.1.tgz#9f5214758a44196c406d9bd76cebf81ec2dd31e8"
  integrity sha512-PLcsoqu++dmEIZB+6totNFKq/7Do+Z0u4oT0zKOJNl3lYK6vGwwu2hjHs+68OEZbTjiUE9bgOABXbP/GvrS0Kg==

has@^1.0.3:
  version "1.0.3"
  resolved "https://registry.yarnpkg.com/has/-/has-1.0.3.tgz#722d7cbfc1f6aa8241f16dd814e011e1f41e8796"
  integrity sha512-f2dvO0VU6Oej7RkWJGrehjbzMAjFp5/VKPp5tTpWIV4JHHZK1/BxbFRtf/siA2SWTe09caDmVtYYzWEIbBS4zw==
  dependencies:
    function-bind "^1.1.1"

hoist-non-react-statics@^3.2.1:
  version "3.3.2"
  resolved "https://registry.yarnpkg.com/hoist-non-react-statics/-/hoist-non-react-statics-3.3.2.tgz#ece0acaf71d62c2969c2ec59feff42a4b1a85b45"
  integrity sha512-/gGivxi8JPKWNm/W0jSmzcMPpfpPLc3dY/6GxhX2hQ9iGj3aDfklV4ET7NjKpSinLpJ5vafa9iiGIEZg10SfBw==
  dependencies:
    react-is "^16.7.0"

hyphenate-style-name@^1.0.3:
  version "1.0.3"
  resolved "https://registry.yarnpkg.com/hyphenate-style-name/-/hyphenate-style-name-1.0.3.tgz#097bb7fa0b8f1a9cf0bd5c734cf95899981a9b48"
  integrity sha512-EcuixamT82oplpoJ2XU4pDtKGWQ7b00CD9f1ug9IaQ3p1bkHMiKCZ9ut9QDI6qsa6cpUuB+A/I+zLtdNK4n2DQ==

invariant@^2.2.2, invariant@^2.2.4:
  version "2.2.4"
  resolved "https://registry.yarnpkg.com/invariant/-/invariant-2.2.4.tgz#610f3c92c9359ce1db616e538008d23ff35158e6"
  integrity sha512-phJfQVBuaJM5raOpJjSfkiD6BpbCE4Ns//LaXl6wGYtUBY83nWS6Rf9tXm2e8VaK60JEjYldbPif/A2B1C2gNA==
  dependencies:
    loose-envify "^1.0.0"

is-arguments@^1.0.4:
  version "1.0.4"
  resolved "https://registry.yarnpkg.com/is-arguments/-/is-arguments-1.0.4.tgz#3faf966c7cba0ff437fb31f6250082fcf0448cf3"
  integrity sha512-xPh0Rmt8NE65sNzvyUmWgI1tz3mKq74lGA0mL8LYZcoIzKOzDh6HmrYm3d18k60nHerC8A9Km8kYu87zfSFnLA==

is-callable@^1.1.4, is-callable@^1.1.5:
  version "1.1.5"
  resolved "https://registry.yarnpkg.com/is-callable/-/is-callable-1.1.5.tgz#f7e46b596890456db74e7f6e976cb3273d06faab"
  integrity sha512-ESKv5sMCJB2jnHTWZ3O5itG+O128Hsus4K4Qh1h2/cgn2vbgnLSVqfV46AeJA9D5EeeLa9w81KUXMtn34zhX+Q==

is-date-object@^1.0.1:
  version "1.0.2"
  resolved "https://registry.yarnpkg.com/is-date-object/-/is-date-object-1.0.2.tgz#bda736f2cd8fd06d32844e7743bfa7494c3bfd7e"
  integrity sha512-USlDT524woQ08aoZFzh3/Z6ch9Y/EWXEHQ/AaRN0SkKq4t2Jw2R2339tSXmwuVoY7LLlBCbOIlx2myP/L5zk0g==

is-in-browser@^1.0.2, is-in-browser@^1.1.3:
  version "1.1.3"
  resolved "https://registry.yarnpkg.com/is-in-browser/-/is-in-browser-1.1.3.tgz#56ff4db683a078c6082eb95dad7dc62e1d04f835"
  integrity sha1-Vv9NtoOgeMYILrldrX3GLh0E+DU=

is-regex@^1.0.4, is-regex@^1.0.5:
  version "1.0.5"
  resolved "https://registry.yarnpkg.com/is-regex/-/is-regex-1.0.5.tgz#39d589a358bf18967f726967120b8fc1aed74eae"
  integrity sha512-vlKW17SNq44owv5AQR3Cq0bQPEb8+kF3UKZ2fiZNOWtztYE5i0CzCZxFDwO58qAOWtxdBRVO/V5Qin1wjCqFYQ==
  dependencies:
    has "^1.0.3"

is-symbol@^1.0.2:
  version "1.0.3"
  resolved "https://registry.yarnpkg.com/is-symbol/-/is-symbol-1.0.3.tgz#38e1014b9e6329be0de9d24a414fd7441ec61937"
  integrity sha512-OwijhaRSgqvhm/0ZdAcXNZt9lYdKFpcRDT5ULUuYXPoT794UNOdU+gpT6Rzo7b4V2HUl/op6GqY894AZwv9faQ==
  dependencies:
    has-symbols "^1.0.1"

"js-tokens@^3.0.0 || ^4.0.0":
  version "4.0.0"
  resolved "https://registry.yarnpkg.com/js-tokens/-/js-tokens-4.0.0.tgz#19203fb59991df98e3a287050d4647cdeaf32499"
  integrity sha512-RdJUflcE3cUzKiMqQgsCu06FPu9UdIJO0beYbPhHN4k6apgJtifcoCtT9bcxOpYBtpD2kCM6Sbzg4CausW/PKQ==

json2mq@^0.2.0:
  version "0.2.0"
  resolved "https://registry.yarnpkg.com/json2mq/-/json2mq-0.2.0.tgz#b637bd3ba9eabe122c83e9720483aeb10d2c904a"
  integrity sha1-tje9O6nqvhIsg+lyBIOusQ0skEo=
  dependencies:
    string-convert "^0.2.0"

jss-plugin-camel-case@^10.0.3:
  version "10.0.3"
  resolved "https://registry.yarnpkg.com/jss-plugin-camel-case/-/jss-plugin-camel-case-10.0.3.tgz#ce25f3cdb7f2b80724558361351fe6b644ca9e4f"
  integrity sha512-rild/oFKFkmRP7AoiX9D6bdDAUfmJv8c7sEBvFoi+JP31dn2W8nw4txMKGnV1LJKlFkYprdZt1X99Uvztl1hug==
  dependencies:
    "@babel/runtime" "^7.3.1"
    hyphenate-style-name "^1.0.3"
    jss "^10.0.3"

jss-plugin-default-unit@^10.0.3:
  version "10.0.3"
  resolved "https://registry.yarnpkg.com/jss-plugin-default-unit/-/jss-plugin-default-unit-10.0.3.tgz#c4b97b7b18c6cf9e9809e05b8525045decc298d3"
  integrity sha512-n+XfVLPF9Qh7IOTdQ8M4oRpjpg6egjr/r0NNytubbCafMgCILJYIVrMTGgOTydH+uvak8onQY3f/F9hasPUx6g==
  dependencies:
    "@babel/runtime" "^7.3.1"
    jss "^10.0.3"

jss-plugin-global@^10.0.3:
  version "10.0.3"
  resolved "https://registry.yarnpkg.com/jss-plugin-global/-/jss-plugin-global-10.0.3.tgz#82bc95aa7f2c7171adc3ea47ec7717aca76a2389"
  integrity sha512-kNotkAciJIXpIGYnmueaIifBne9rdq31O8Xq1nF7KMfKlskNRANTcEX5rVnsGKl2yubTMYfjKBFCeDgcQn6+gA==
  dependencies:
    "@babel/runtime" "^7.3.1"
    jss "^10.0.3"

jss-plugin-nested@^10.0.3:
  version "10.0.3"
  resolved "https://registry.yarnpkg.com/jss-plugin-nested/-/jss-plugin-nested-10.0.3.tgz#1ff39383154a710008788dbc9f73e6dec77b2852"
  integrity sha512-OMucRs9YLvWlZ3Ew+VhdgNVMwSS2zZy/2vy+s/etvopnPUzDHgCnJwdY2Wx/SlhLGERJeKKufyih2seH+ui0iw==
  dependencies:
    "@babel/runtime" "^7.3.1"
    jss "^10.0.3"
    tiny-warning "^1.0.2"

jss-plugin-props-sort@^10.0.3:
  version "10.0.3"
  resolved "https://registry.yarnpkg.com/jss-plugin-props-sort/-/jss-plugin-props-sort-10.0.3.tgz#8bc9f2a670fbd603f110486d28c526eb9efcbdc4"
  integrity sha512-ufhvdCMnRcDa0tNHoZ12OcVNQQyE10yLMohxo/UIMarLV245rM6n9D19A12epjldRgyiS13SoSyLFCJEobprYg==
  dependencies:
    "@babel/runtime" "^7.3.1"
    jss "^10.0.3"

jss-plugin-rule-value-function@^10.0.3:
  version "10.0.3"
  resolved "https://registry.yarnpkg.com/jss-plugin-rule-value-function/-/jss-plugin-rule-value-function-10.0.3.tgz#1103240cf686bde5baee16cd7b15b0daf79d1103"
  integrity sha512-RWwIT2UBAIwf3f6DQtt5gyjxHMRJoeO9TQku+ueR8dBMakqSSe8vFwQNfjXEoe0W+Tez5HZCTkZKNMulv3Z+9A==
  dependencies:
    "@babel/runtime" "^7.3.1"
    jss "^10.0.3"

jss-plugin-vendor-prefixer@^10.0.3:
  version "10.0.3"
  resolved "https://registry.yarnpkg.com/jss-plugin-vendor-prefixer/-/jss-plugin-vendor-prefixer-10.0.3.tgz#cfdf2ac1263e190ee9a0d874cdcc6092df452012"
  integrity sha512-zVs6e5z4tFRK/fJ5kuTLzXlTFQbLeFTVwk7lTZiYNufmZwKT0kSmnOJDUukcSe7JLGSRztjWhnHB/6voP174gw==
  dependencies:
    "@babel/runtime" "^7.3.1"
    css-vendor "^2.0.7"
    jss "^10.0.3"

jss@^10.0.3:
  version "10.0.3"
  resolved "https://registry.yarnpkg.com/jss/-/jss-10.0.3.tgz#5c160f96aa8ce8b9f851ee0b33505dcd37f490a4"
  integrity sha512-AcDvFdOk16If9qvC9KN3oFXsrkHWM9+TaPMpVB9orm3z+nq1Xw3ofHyflRe/mkSucRZnaQtlhZs1hdP3DR9uRw==
  dependencies:
    "@babel/runtime" "^7.3.1"
    csstype "^2.6.5"
    is-in-browser "^1.1.3"
    tiny-warning "^1.0.2"

keyboard-key@^1.0.4:
  version "1.1.0"
  resolved "https://registry.yarnpkg.com/keyboard-key/-/keyboard-key-1.1.0.tgz#6f2e8e37fa11475bb1f1d65d5174f1b35653f5b7"
  integrity sha512-qkBzPTi3rlAKvX7k0/ub44sqOfXeLc/jcnGGmj5c7BJpU8eDrEVPyhCvNYAaoubbsLm9uGWwQJO1ytQK1a9/dQ==

keycode@^2.2.0:
  version "2.2.0"
  resolved "https://registry.yarnpkg.com/keycode/-/keycode-2.2.0.tgz#3d0af56dc7b8b8e5cba8d0a97f107204eec22b04"
  integrity sha1-PQr1bce4uOXLqNCpfxByBO7CKwQ=

lodash@^4.17.15:
  version "4.17.21"
  resolved "https://registry.yarnpkg.com/lodash/-/lodash-4.17.21.tgz#679591c564c3bffaae8454cf0b3df370c3d6911c"
  integrity sha512-v2kDEe57lecTulaDIuNTPy3Ry4gLGJ6Z1O3vE1krgXZNrsQ+LFTGHVxVjcXPs17LhbZVGedAJv8XZ1tvj5FvSg==

loose-envify@^1.0.0, loose-envify@^1.4.0:
  version "1.4.0"
  resolved "https://registry.yarnpkg.com/loose-envify/-/loose-envify-1.4.0.tgz#71ee51fa7be4caec1a63839f7e682d8132d30caf"
  integrity sha512-lyuxPGr/Wfhrlem2CL/UcnUc1zcqKAImBDzukY7Y5F/yQiNdko6+fRLevlw1HgMySw7f611UIY408EtxRSoK3Q==
  dependencies:
    js-tokens "^3.0.0 || ^4.0.0"

normalize-scroll-left@^0.2.0:
  version "0.2.0"
  resolved "https://registry.yarnpkg.com/normalize-scroll-left/-/normalize-scroll-left-0.2.0.tgz#9445d74275f303cc661e113329aefa492f58114c"
  integrity sha512-t5oCENZJl8TGusJKoCJm7+asaSsPuNmK6+iEjrZ5TyBj2f02brCRsd4c83hwtu+e5d4LCSBZ0uoDlMjBo+A8yA==

object-assign@^4.1.1:
  version "4.1.1"
  resolved "https://registry.yarnpkg.com/object-assign/-/object-assign-4.1.1.tgz#2109adc7965887cfc05cbbd442cac8bfbb360863"
  integrity sha1-IQmtx5ZYh8/AXLvUQsrIv7s2CGM=

object-inspect@^1.7.0:
  version "1.7.0"
  resolved "https://registry.yarnpkg.com/object-inspect/-/object-inspect-1.7.0.tgz#f4f6bd181ad77f006b5ece60bd0b6f398ff74a67"
  integrity sha512-a7pEHdh1xKIAgTySUGgLMx/xwDZskN1Ud6egYYN3EdRW4ZMPNEDUTF+hwy2LUC+Bl+SyLXANnwz/jyh/qutKUw==

object-is@^1.0.1:
  version "1.0.2"
  resolved "https://registry.yarnpkg.com/object-is/-/object-is-1.0.2.tgz#6b80eb84fe451498f65007982f035a5b445edec4"
  integrity sha512-Epah+btZd5wrrfjkJZq1AOB9O6OxUQto45hzFd7lXGrpHPGE0W1k+426yrZV+k6NJOzLNNW/nVsmZdIWsAqoOQ==

object-keys@^1.0.11, object-keys@^1.0.12, object-keys@^1.1.1:
  version "1.1.1"
  resolved "https://registry.yarnpkg.com/object-keys/-/object-keys-1.1.1.tgz#1c47f272df277f3b1daf061677d9c82e2322c60e"
  integrity sha512-NuAESUOUMrlIXOfHKzD6bpPu3tYt3xvjNdRIQ+FeT0lNb4K8WR70CaDxhuNguS2XG+GjkyMwOzsN5ZktImfhLA==

object.assign@^4.1.0:
  version "4.1.0"
  resolved "https://registry.yarnpkg.com/object.assign/-/object.assign-4.1.0.tgz#968bf1100d7956bb3ca086f006f846b3bc4008da"
  integrity sha512-exHJeq6kBKj58mqGyTQ9DFvrZC/eR6OwxzoM9YRoGBqrXYonaFyGiFMuc9VZrXf7DarreEwMpurG3dd+CNyW5w==
  dependencies:
    define-properties "^1.1.2"
    function-bind "^1.1.1"
    has-symbols "^1.0.0"
    object-keys "^1.0.11"

popper.js@^1.14.1, popper.js@^1.14.4, popper.js@^1.15.0, popper.js@^1.16.0:
  version "1.16.1"
  resolved "https://registry.yarnpkg.com/popper.js/-/popper.js-1.16.1.tgz#2a223cb3dc7b6213d740e40372be40de43e65b1b"
  integrity sha512-Wb4p1J4zyFTbM+u6WuO4XstYx4Ky9Cewe4DWrel7B0w6VVICvPwdOpotjzcf6eD8TsckVnIMNONQyPIUFOUbCQ==

prop-types-extra@^1.1.0:
  version "1.1.1"
  resolved "https://registry.yarnpkg.com/prop-types-extra/-/prop-types-extra-1.1.1.tgz#58c3b74cbfbb95d304625975aa2f0848329a010b"
  integrity sha512-59+AHNnHYCdiC+vMwY52WmvP5dM3QLeoumYuEyceQDi9aEhtwN9zIQ2ZNo25sMyXnbh32h+P1ezDsUpUH3JAew==
  dependencies:
    react-is "^16.3.2"
    warning "^4.0.0"

prop-types@^15.5.10, prop-types@^15.5.8, prop-types@^15.6.1, prop-types@^15.6.2, prop-types@^15.7.2:
  version "15.7.2"
  resolved "https://registry.yarnpkg.com/prop-types/-/prop-types-15.7.2.tgz#52c41e75b8c87e72b9d9360e0206b99dcbffa6c5"
  integrity sha512-8QQikdH7//R2vurIJSutZ1smHYTcLpRWEOlHnzcWHmBYrOGUysKwSsrC89BCiFj3CbrfJ/nXFdJepOVrY1GCHQ==
  dependencies:
    loose-envify "^1.4.0"
    object-assign "^4.1.1"
    react-is "^16.8.1"

qs@^6.5.1:
  version "6.9.1"
  resolved "https://registry.yarnpkg.com/qs/-/qs-6.9.1.tgz#20082c65cb78223635ab1a9eaca8875a29bf8ec9"
  integrity sha512-Cxm7/SS/y/Z3MHWSxXb8lIFqgqBowP5JMlTUFyJN88y0SGQhVmZnqFK/PeuMX9LzUyWsqqhNxIyg0jlzq946yA==

react-bootstrap@^1.0.0-beta.16:
  version "1.0.0-beta.16"
  resolved "https://registry.yarnpkg.com/react-bootstrap/-/react-bootstrap-1.0.0-beta.16.tgz#42da0314aee6754494e478687b8e6953de1aaf62"
  integrity sha512-wjb+3CwviDWAaz4O3gQpd2XMDNqbOiqOOzpLm5aLPcp1wTsQsVRhyM+rTPmO3hYU8auA2eNpTYLz08/fAcMqDA==
  dependencies:
    "@babel/runtime" "^7.4.2"
    "@restart/context" "^2.1.4"
    "@restart/hooks" "^0.3.11"
    "@types/react" "^16.8.23"
    classnames "^2.2.6"
    dom-helpers "^5.1.2"
    invariant "^2.2.4"
    keycode "^2.2.0"
    popper.js "^1.16.0"
    prop-types "^15.7.2"
    prop-types-extra "^1.1.0"
    react-overlays "^2.1.0"
    react-transition-group "^4.0.0"
    uncontrollable "^7.0.0"
    warning "^4.0.3"

react-flippy@^0.1.5:
  version "0.1.5"
  resolved "https://registry.yarnpkg.com/react-flippy/-/react-flippy-0.1.5.tgz#ba097fbd671ef315e7726dc26ea918e0b19be343"
  integrity sha512-y0q9l33YQmASGY7ojcrlY0BzVsCYgThFjXjNL+4C19ws5vEpdKH+PyG5v9ZbLXq2kGArDO921FT7fhFSAX2SMQ==

react-fns@^1.4.0:
  version "1.4.0"
  resolved "https://registry.yarnpkg.com/react-fns/-/react-fns-1.4.0.tgz#7b74017f9850849560dfe98f98bba3f7948495b5"
  integrity sha512-Cchvz3d6Hh9Ho8SPQOU3/HDeiL/D/QaHozs0X0lePOI2yPoT15GFEVUbz3RHoDsnyUp8HA5A7HAKEPx3nggs8w==
  dependencies:
    qs "^6.5.1"
    react-media "^1.6.1"

react-is@^16.3.2, react-is@^16.6.3, react-is@^16.7.0, react-is@^16.8.0, react-is@^16.8.1, react-is@^16.8.6:
  version "16.12.0"
  resolved "https://registry.yarnpkg.com/react-is/-/react-is-16.12.0.tgz#2cc0fe0fba742d97fd527c42a13bec4eeb06241c"
  integrity sha512-rPCkf/mWBtKc97aLL9/txD8DZdemK0vkA3JMLShjlJB3Pj3s+lpf1KaBzMfQrAmhMQB0n1cU/SUGgKKBCe837Q==

react-lifecycles-compat@^3.0.4:
  version "3.0.4"
  resolved "https://registry.yarnpkg.com/react-lifecycles-compat/-/react-lifecycles-compat-3.0.4.tgz#4f1a273afdfc8f3488a8c516bfda78f872352362"
  integrity sha512-fBASbA6LnOU9dOU2eW7aQ8xmYBSXUIWr+UmF9b1efZBazGNO+rcXT/icdKnYm2pTwcRylVUYwW7H1PHfLekVzA==

react-media@^1.6.1:
  version "1.10.0"
  resolved "https://registry.yarnpkg.com/react-media/-/react-media-1.10.0.tgz#7b0c5fe8ac55a53ce31b5249db3aaf8a22ff7703"
  integrity sha512-FjgYmFoaPTImST06jqotuu0Mk8LOXiGYS/fIyiXuLnf20l3DPniBwtrxi604/HxxjqvmHS3oz5rAwnqdvosV4A==
  dependencies:
    "@babel/runtime" "^7.2.0"
    invariant "^2.2.2"
    json2mq "^0.2.0"
    prop-types "^15.5.10"

react-overlays@^2.1.0:
  version "2.1.0"
  resolved "https://registry.yarnpkg.com/react-overlays/-/react-overlays-2.1.0.tgz#3671cadab085a519c90a51b9b1402a70281e31d4"
  integrity sha512-tHPGTZosbQSo82yb9x4YCsmJJtspKvAPL5kXVnyoB2Z5UoAU3VetIuh2VblfVT408us5nLJd9uDtwI3xWDHS6w==
  dependencies:
    "@babel/runtime" "^7.4.5"
    "@restart/hooks" "^0.3.12"
    dom-helpers "^5.1.0"
    popper.js "^1.15.0"
    prop-types "^15.7.2"
    uncontrollable "^7.0.0"
    warning "^4.0.3"

react-popper@^1.3.4, react-popper@^1.3.6:
  version "1.3.7"
  resolved "https://registry.yarnpkg.com/react-popper/-/react-popper-1.3.7.tgz#f6a3471362ef1f0d10a4963673789de1baca2324"
  integrity sha512-nmqYTx7QVjCm3WUZLeuOomna138R1luC4EqkW3hxJUrAe+3eNz3oFCLYdnPwILfn0mX1Ew2c3wctrjlUMYYUww==
  dependencies:
    "@babel/runtime" "^7.1.2"
    create-react-context "^0.3.0"
    deep-equal "^1.1.1"
    popper.js "^1.14.4"
    prop-types "^15.6.1"
    typed-styles "^0.0.7"
    warning "^4.0.2"

react-transition-group@^2.3.1:
  version "2.9.0"
  resolved "https://registry.yarnpkg.com/react-transition-group/-/react-transition-group-2.9.0.tgz#df9cdb025796211151a436c69a8f3b97b5b07c8d"
  integrity sha512-+HzNTCHpeQyl4MJ/bdE0u6XRMe9+XG/+aL4mCxVN4DnPBQ0/5bfHWPDuOZUzYdMj94daZaZdCCc1Dzt9R/xSSg==
  dependencies:
    dom-helpers "^3.4.0"
    loose-envify "^1.4.0"
    prop-types "^15.6.2"
    react-lifecycles-compat "^3.0.4"

react-transition-group@^4.0.0, react-transition-group@^4.3.0:
  version "4.3.0"
  resolved "https://registry.yarnpkg.com/react-transition-group/-/react-transition-group-4.3.0.tgz#fea832e386cf8796c58b61874a3319704f5ce683"
  integrity sha512-1qRV1ZuVSdxPlPf4O8t7inxUGpdyO5zG9IoNfJxSO0ImU2A1YWkEQvFPuIPZmMLkg5hYs7vv5mMOyfgSkvAwvw==
  dependencies:
    "@babel/runtime" "^7.5.5"
    dom-helpers "^5.0.1"
    loose-envify "^1.4.0"
    prop-types "^15.6.2"

reactstrap@^8.4.0:
  version "8.4.0"
  resolved "https://registry.yarnpkg.com/reactstrap/-/reactstrap-8.4.0.tgz#318961ae8150ec1790fec5ee2f81816c9e32d7a1"
  integrity sha512-hKH/+jnmPp+v1AZweFd58VI2z8KCQbLG+tcReQ/4ddIsJ5tWiBm5EbxD7RZxwlTSjPCqA5bHCwybdCuqUSoHcQ==
  dependencies:
    "@babel/runtime" "^7.2.0"
    classnames "^2.2.3"
    prop-types "^15.5.8"
    react-lifecycles-compat "^3.0.4"
    react-popper "^1.3.6"
    react-transition-group "^2.3.1"

regenerator-runtime@^0.13.2:
  version "0.13.3"
  resolved "https://registry.yarnpkg.com/regenerator-runtime/-/regenerator-runtime-0.13.3.tgz#7cf6a77d8f5c6f60eb73c5fc1955b2ceb01e6bf5"
  integrity sha512-naKIZz2GQ8JWh///G7L3X6LaQUAMp2lvb1rvwwsURe/VXwD6VMfr+/1NuNw3ag8v2kY1aQ/go5SNn79O9JU7yw==

regexp.prototype.flags@^1.2.0:
  version "1.3.0"
  resolved "https://registry.yarnpkg.com/regexp.prototype.flags/-/regexp.prototype.flags-1.3.0.tgz#7aba89b3c13a64509dabcf3ca8d9fbb9bdf5cb75"
  integrity sha512-2+Q0C5g951OlYlJz6yu5/M33IcsESLlLfsyIaLJaG4FA2r4yP8MvVMJUUP/fVBkSpbbbZlS5gynbEWLipiiXiQ==
  dependencies:
    define-properties "^1.1.3"
    es-abstract "^1.17.0-next.1"

scroll-swipe@0.0.17:
  version "0.0.17"
  resolved "https://registry.yarnpkg.com/scroll-swipe/-/scroll-swipe-0.0.17.tgz#31bc1cb74f174a3d596a9a942a05075de54e4285"
  integrity sha512-qflUt5hxgFGzZpUoHyrDsXA3nBFEy9yOeDTlg7x826owdEDGlJqIqdjyNuxtCNRHr/Ute8AQ6NdCRw4j3hOqvA==

semantic-ui-react@^0.88.2:
  version "0.88.2"
  resolved "https://registry.yarnpkg.com/semantic-ui-react/-/semantic-ui-react-0.88.2.tgz#3d4b54f8b799769b412435c8531475fd34aa4149"
  integrity sha512-+02kN2z8PuA/cMdvDUsHhbJmBzxxgOXVHMFr9XK7zGb0wkW9A6OPQMFokWz7ozlVtKjN6r7zsb+Qvjk/qq1OWw==
  dependencies:
    "@babel/runtime" "^7.1.2"
    "@semantic-ui-react/event-stack" "^3.1.0"
    "@stardust-ui/react-component-event-listener" "~0.38.0"
    "@stardust-ui/react-component-ref" "~0.38.0"
    classnames "^2.2.6"
    keyboard-key "^1.0.4"
    lodash "^4.17.15"
    prop-types "^15.7.2"
    react-is "^16.8.6"
    react-popper "^1.3.4"
    shallowequal "^1.1.0"

shallowequal@^1.1.0:
  version "1.1.0"
  resolved "https://registry.yarnpkg.com/shallowequal/-/shallowequal-1.1.0.tgz#188d521de95b9087404fd4dcb68b13df0ae4e7f8"
  integrity sha512-y0m1JoUZSlPAjXVtPPW70aZWfIL/dSP7AFkRnniLCrK/8MDKog3TySTBmckD+RObVxH0v4Tox67+F14PdED2oQ==

string-convert@^0.2.0:
  version "0.2.1"
  resolved "https://registry.yarnpkg.com/string-convert/-/string-convert-0.2.1.tgz#6982cc3049fbb4cd85f8b24568b9d9bf39eeff97"
  integrity sha1-aYLMMEn7tM2F+LJFaLnZvznu/5c=

string.prototype.trimleft@^2.1.1:
  version "2.1.1"
  resolved "https://registry.yarnpkg.com/string.prototype.trimleft/-/string.prototype.trimleft-2.1.1.tgz#9bdb8ac6abd6d602b17a4ed321870d2f8dcefc74"
  integrity sha512-iu2AGd3PuP5Rp7x2kEZCrB2Nf41ehzh+goo8TV7z8/XDBbsvc6HQIlUl9RjkZ4oyrW1XM5UwlGl1oVEaDjg6Ag==
  dependencies:
    define-properties "^1.1.3"
    function-bind "^1.1.1"

string.prototype.trimright@^2.1.1:
  version "2.1.1"
  resolved "https://registry.yarnpkg.com/string.prototype.trimright/-/string.prototype.trimright-2.1.1.tgz#440314b15996c866ce8a0341894d45186200c5d9"
  integrity sha512-qFvWL3/+QIgZXVmJBfpHmxLB7xsUXz6HsUmP8+5dRaC3Q7oKUv9Vo6aMCRZC1smrtyECFsIT30PqBJ1gTjAs+g==
  dependencies:
    define-properties "^1.1.3"
    function-bind "^1.1.1"

tiny-warning@^1.0.2:
  version "1.0.3"
  resolved "https://registry.yarnpkg.com/tiny-warning/-/tiny-warning-1.0.3.tgz#94a30db453df4c643d0fd566060d60a875d84754"
  integrity sha512-lBN9zLN/oAf68o3zNXYrdCt1kP8WsiGW8Oo2ka41b2IM5JL/S1CTyX1rW0mb/zSuJun0ZUrDxx4sqvYS2FWzPA==

tslib@^1.9.3:
  version "1.10.0"
  resolved "https://registry.yarnpkg.com/tslib/-/tslib-1.10.0.tgz#c3c19f95973fb0a62973fb09d90d961ee43e5c8a"
  integrity sha512-qOebF53frne81cf0S9B41ByenJ3/IuH8yJKngAX35CmiZySA0khhkovshKK+jGCaMnVomla7gVlIcc3EvKPbTQ==

typed-styles@^0.0.7:
  version "0.0.7"
  resolved "https://registry.yarnpkg.com/typed-styles/-/typed-styles-0.0.7.tgz#93392a008794c4595119ff62dde6809dbc40a3d9"
  integrity sha512-pzP0PWoZUhsECYjABgCGQlRGL1n7tOHsgwYv3oIiEpJwGhFTuty/YNeduxQYzXXa3Ge5BdT6sHYIQYpl4uJ+5Q==

uncontrollable@^7.0.0:
  version "7.1.1"
  resolved "https://registry.yarnpkg.com/uncontrollable/-/uncontrollable-7.1.1.tgz#f67fed3ef93637126571809746323a9db815d556"
  integrity sha512-EcPYhot3uWTS3w00R32R2+vS8Vr53tttrvMj/yA1uYRhf8hbTG2GyugGqWDY0qIskxn0uTTojVd6wPYW9ZEf8Q==
  dependencies:
    "@babel/runtime" "^7.6.3"
    "@types/react" "^16.9.11"
    invariant "^2.2.4"
    react-lifecycles-compat "^3.0.4"

warning@^4.0.0, warning@^4.0.2, warning@^4.0.3:
  version "4.0.3"
  resolved "https://registry.yarnpkg.com/warning/-/warning-4.0.3.tgz#16e9e077eb8a86d6af7d64aa1e05fd85b4678ca3"
  integrity sha512-rpJyN222KWIvHJ/F53XSZv0Zl/accqHR8et1kpaMTD/fLCRxtV8iX8czMzY7sVZupTI3zcUTg8eycS2kNF9l6w==
  dependencies:
    loose-envify "^1.0.0"

window-or-global@^1.0.1:
  version "1.0.1"
  resolved "https://registry.yarnpkg.com/window-or-global/-/window-or-global-1.0.1.tgz#dbe45ba2a291aabc56d62cf66c45b7fa322946de"
  integrity sha1-2+RboqKRqrxW1iz2bEW3+jIpRt4=
